
Microsoft Visual Studio Solution File, Format Version 12.00
# Visual Studio Version 16
VisualStudioVersion = 16.0.30611.23
MinimumVisualStudioVersion = 10.0.40219.1
Project("{9A19103F-16F7-4668-BE54-9A1E7A4F7556}") = "HomeAssistantClient", "HomeAssistantClient\HomeAssistantClient.csproj", "{E6843B7B-B851-40B6-9C8D-FAB417045846}"
EndProject
Project("{9A19103F-16F7-4668-BE54-9A1E7A4F7556}") = "HomeAssistantApi", "..\HomeAssistantApi\HomeAssistantApi\HomeAssistantApi.csproj", "{7F3AED69-576F-49C8-B75B-8041C1B4820E}"
EndProject
Project("{FAE04EC0-301F-11D3-BF4B-00C04F79EFBC}") = "BlazorApp1", "BlazorApp1\BlazorApp1.csproj", "{4BE1F018-B777-428D-9A32-74A3E72D8152}"
EndProject
Global
	GlobalSection(SolutionConfigurationPlatforms) = preSolution
		Debug|Any CPU = Debug|Any CPU
		Release|Any CPU = Release|Any CPU
	EndGlobalSection
	GlobalSection(ProjectConfigurationPlatforms) = postSolution
		{E6843B7B-B851-40B6-9C8D-FAB417045846}.Debug|Any CPU.ActiveCfg = Debug|Any CPU
		{E6843B7B-B851-40B6-9C8D-FAB417045846}.Debug|Any CPU.Build.0 = Debug|Any CPU
		{E6843B7B-B851-40B6-9C8D-FAB417045846}.Release|Any CPU.ActiveCfg = Release|Any CPU
		{E6843B7B-B851-40B6-9C8D-FAB417045846}.Release|Any CPU.Build.0 = Release|Any CPU
		{7F3AED69-576F-49C8-B75B-8041C1B4820E}.Debug|Any CPU.ActiveCfg = Debug|Any CPU
		{7F3AED69-576F-49C8-B75B-8041C1B4820E}.Debug|Any CPU.Build.0 = Debug|Any CPU
		{7F3AED69-576F-49C8-B75B-8041C1B4820E}.Release|Any CPU.ActiveCfg = Release|Any CPU
		{7F3AED69-576F-49C8-B75B-8041C1B4820E}.Release|Any CPU.Build.0 = Release|Any CPU
		{4BE1F018-B777-428D-9A32-74A3E72D8152}.Debug|Any CPU.ActiveCfg = Debug|Any CPU
		{4BE1F018-B777-428D-9A32-74A3E72D8152}.Debug|Any CPU.Build.0 = Debug|Any CPU
		{4BE1F018-B777-428D-9A32-74A3E72D8152}.Release|Any CPU.ActiveCfg = Release|Any CPU
		{4BE1F018-B777-428D-9A32-74A3E72D8152}.Release|Any CPU.Build.0 = Release|Any CPU
	EndGlobalSection
	GlobalSection(SolutionProperties) = preSolution
		HideSolutionNode = FALSE
	EndGlobalSection
	GlobalSection(ExtensibilityGlobals) = postSolution
		SolutionGuid = {463F42C4-0854-4134-8435-DF05942A7377}
	EndGlobalSection
EndGlobal
